{
  "lockfile-version": 1,
  "manifest": {
    "schema-version": "1.10.0",
    "install": {
      "d2": {
        "pkg-path": "d2"
      },
      "graphviz": {
        "pkg-path": "graphviz"
      }
    },
    "hook": {},
    "profile": {},
    "options": {}
  },
  "packages": [
    {
      "attr_path": "d2",
      "broken": false,
      "derivation": "/nix/store/a1vl15yvninz76ifikby3dgidg33y5y7-d2-0.7.1.drv",
      "description": "Modern diagram scripting language that turns text to diagrams",
      "install_id": "d2",
      "license": "MPL-2.0",
      "locked_url": "https://github.com/flox/nixpkgs?rev=9dcb002ca1690658be4a04645215baea8b95f31d",
      "name": "d2-0.7.1",
      "pname": "d2",
      "rev": "9dcb002ca1690658be4a04645215baea8b95f31d",
      "rev_count": 960399,
      "rev_date": "2026-03-08T09:52:19Z",
      "scrape_date": "2026-03-10T04:46:37.416228Z",
      "stabilities": [
        "unstable"
      ],
      "unfree": false,
      "version": "0.7.1",
      "outputs_to_install": [
        "out"
      ],
      "outputs": {
        "out": "/nix/store/zxvzb8q3y6sibx7ly4g4l2zyx2z9dcj1-d2-0.7.1"
      },
      "system": "aarch64-darwin",
      "group": "toplevel",
      "priority": 5
    },
    {
      "attr_path": "d2",
      "broken": false,
      "derivation": "/nix/store/sndd0240fh57fyrs6rf2zjgrfwvb8fff-d2-0.7.1.drv",
      "description": "Modern diagram scripting language that turns text to diagrams",
      "install_id": "d2",
      "license": "MPL-2.0",
      "locked_url": "https://github.com/flox/nixpkgs?rev=9dcb002ca1690658be4a04645215baea8b95f31d",
      "name": "d2-0.7.1",
      "pname": "d2",
      "rev": "9dcb002ca1690658be4a04645215baea8b95f31d",
      "rev_count": 960399,
      "rev_date": "2026-03-08T09:52:19Z",
      "scrape_date": "2026-03-10T05:23:00.562106Z",
      "stabilities": [
        "unstable"
      ],
      "unfree": false,
      "version": "0.7.1",
      "outputs_to_install": [
        "out"
      ],
      "outputs": {
        "out": "/nix/store/4nvw8wk174wpz4xn2bisf7i0iyqgfk13-d2-0.7.1"
      },
      "system": "aarch64-linux",
      "group": "toplevel",
      "priority": 5
    },
    {
      "attr_path": "d2",
      "broken": false,
      "derivation": "/nix/store/vcp0y8nbn6drdk6w527s1c5crcazpr3q-d2-0.7.1.drv",
      "description": "Modern diagram scripting language that turns text to diagrams",
      "install_id": "d2",
      "license": "MPL-2.0",
      "locked_url": "https://github.com/flox/nixpkgs?rev=9dcb002ca1690658be4a04645215baea8b95f31d",
      "name": "d2-0.7.1",
      "pname": "d2",
      "rev": "9dcb002ca1690658be4a04645215baea8b95f31d",
      "rev_count": 960399,
      "rev_date": "2026-03-08T09:52:19Z",
      "scrape_date": "2026-03-10T06:03:51.725300Z",
      "stabilities": [
        "unstable"
      ],
      "unfree": false,
      "version": "0.7.1",
      "outputs_to_install": [
        "out"
      ],
      "outputs": {
        "out": "/nix/store/ph3bgqg39kpdq3y13bv4dvc8j9jscp9m-d2-0.7.1"
      },
      "system": "x86_64-darwin",
      "group": "toplevel",
      "priority": 5
    },
    {
      "attr_path": "d2",
      "broken": false,
      "derivation": "/nix/store/g8yjr18d4l9clp51256bhdsza99nhlmv-d2-0.7.1.drv",
      "description": "Modern diagram scripting language that turns text to diagrams",
      "install_id": "d2",
      "license": "MPL-2.0",
      "locked_url": "https://github.com/flox/nixpkgs?rev=9dcb002ca1690658be4a04645215baea8b95f31d",
      "name": "d2-0.7.1",
      "pname": "d2",
      "rev": "9dcb002ca1690658be4a04645215baea8b95f31d",
      "rev_count": 960399,
      "rev_date": "2026-03-08T09:52:19Z",
      "scrape_date": "2026-03-10T06:47:05.752217Z",
      "stabilities": [
        "unstable"
      ],
      "unfree": false,
      "version": "0.7.1",
      "outputs_to_install": [
        "out"
      ],
      "outputs": {
        "out": "/nix/store/2hnkrqrch6n5w91nxx76nnpyikb41zfk-d2-0.7.1"
      },
      "system": "x86_64-linux",
      "group": "toplevel",
      "priority": 5
    },
    {
      "attr_path": "graphviz",
      "broken": false,
      "derivation": "/nix/store/rspy0sf84b4d7lw1kswihbm7nyvvlx9m-graphviz-12.2.1.drv",
      "description": "Graph visualization tools",
      "install_id": "graphviz",
      "license": "EPL-1.0",
      "locked_url": "https://github.com/flox/nixpkgs?rev=9dcb002ca1690658be4a04645215baea8b95f31d",
      "name": "graphviz-12.2.1",
      "pname": "graphviz",
      "rev": "9dcb002ca1690658be4a04645215baea8b95f31d",
      "rev_count": 960399,
      "rev_date": "2026-03-08T09:52:19Z",
      "scrape_date": "2026-03-10T04:46:38.353866Z",
      "stabilities": [
        "unstable"
      ],
      "unfree": false,
      "version": "12.2.1",
      "outputs_to_install": [
        "out"
      ],
      "outputs": {
        "out": "/nix/store/4q3fpgj28v35gd5q27ga7dbnzzkzlkkn-graphviz-12.2.1"
      },
      "system": "aarch64-darwin",
      "group": "toplevel",
      "priority": 5
    },
    {
      "attr_path": "graphviz",
      "broken": false,
      "derivation": "/nix/store/a7n3fk0qb876lcrj4krjabgbgq07mi79-graphviz-12.2.1.drv",
      "description": "Graph visualization tools",
      "install_id": "graphviz",
      "license": "EPL-1.0",
      "locked_url": "https://github.com/flox/nixpkgs?rev=9dcb002ca1690658be4a04645215baea8b95f31d",
      "name": "graphviz-12.2.1",
      "pname": "graphviz",
      "rev": "9dcb002ca1690658be4a04645215baea8b95f31d",
      "rev_count": 960399,
      "rev_date": "2026-03-08T09:52:19Z",
      "scrape_date": "2026-03-10T05:23:02.646986Z",
      "stabilities": [
        "unstable"
      ],
      "unfree": false,
      "version": "12.2.1",
      "outputs_to_install": [
        "out",
        "out"
      ],
      "outputs": {
        "out": "/nix/store/241vgqijh7v53h5r7ilf1hfiriplqlvi-graphviz-12.2.1"
      },
      "system": "aarch64-linux",
      "group": "toplevel",
      "priority": 5
    },
    {
      "attr_path": "graphviz",
      "broken": false,
      "derivation": "/nix/store/fyh1waaq37wnslj923wa9fjsdigx24sk-graphviz-12.2.1.drv",
      "description": "Graph visualization tools",
      "install_id": "graphviz",
      "license": "EPL-1.0",
      "locked_url": "https://github.com/flox/nixpkgs?rev=9dcb002ca1690658be4a04645215baea8b95f31d",
      "name": "graphviz-12.2.1",
      "pname": "graphviz",
      "rev": "9dcb002ca1690658be4a04645215baea8b95f31d",
      "rev_count": 960399,
      "rev_date": "2026-03-08T09:52:19Z",
      "scrape_date": "2026-03-10T06:03:52.718448Z",
      "stabilities": [
        "unstable"
      ],
      "unfree": false,
      "version": "12.2.1",
      "outputs_to_install": [
        "out"
      ],
      "outputs": {
        "out": "/nix/store/jpnbnpa47aiwda3zkmnsydan6839p5k7-graphviz-12.2.1"
      },
      "system": "x86_64-darwin",
      "group": "toplevel",
      "priority": 5
    },
    {
      "attr_path": "graphviz",
      "broken": false,
      "derivation": "/nix/store/7ymzwdg9hjynx9cbfz1jifxrsvjagh5a-graphviz-12.2.1.drv",
      "description": "Graph visualization tools",
      "install_id": "graphviz",
      "license": "EPL-1.0",
      "locked_url": "https://github.com/flox/nixpkgs?rev=9dcb002ca1690658be4a04645215baea8b95f31d",
      "name": "graphviz-12.2.1",
      "pname": "graphviz",
      "rev": "9dcb002ca1690658be4a04645215baea8b95f31d",
      "rev_count": 960399,
      "rev_date": "2026-03-08T09:52:19Z",
      "scrape_date": "2026-03-10T06:47:07.893840Z",
      "stabilities": [
        "unstable"
      ],
      "unfree": false,
      "version": "12.2.1",
      "outputs_to_install": [
        "out",
        "out"
      ],
      "outputs": {
        "out": "/nix/store/19fffi45nxzmpdkdj40i63jbq8335yds-graphviz-12.2.1"
      },
      "system": "x86_64-linux",
      "group": "toplevel",
      "priority": 5
    }
  ]
}
